
Microsoft Visual Studio Solution File, Format Version 12.00
# Visual Studio Version 17
VisualStudioVersion = 17.13.35931.197
MinimumVisualStudioVersion = 10.0.40219.1
Project("{FAE04EC0-301F-11D3-BF4B-00C04F79EFBC}") = "ConsoleUI", "ConsoleUI.csproj", "{901DD8D9-2487-478E-8312-050437D33D99}"
EndProject
Project("{FAE04EC0-301F-11D3-BF4B-00C04F79EFBC}") = "Core", "..\Core\Core.csproj", "{130D227D-7018-42C0-81FA-0A43551E05BF}"
EndProject
Global
	GlobalSection(SolutionConfigurationPlatforms) = preSolution
		Debug|Any CPU = Debug|Any CPU
		Release|Any CPU = Release|Any CPU
	EndGlobalSection
	GlobalSection(ProjectConfigurationPlatforms) = postSolution
		{901DD8D9-2487-478E-8312-050437D33D99}.Debug|Any CPU.ActiveCfg = Debug|Any CPU
		{901DD8D9-2487-478E-8312-050437D33D99}.Debug|Any CPU.Build.0 = Debug|Any CPU
		{901DD8D9-2487-478E-8312-050437D33D99}.Release|Any CPU.ActiveCfg = Release|Any CPU
		{901DD8D9-2487-478E-8312-050437D33D99}.Release|Any CPU.Build.0 = Release|Any CPU
		{130D227D-7018-42C0-81FA-0A43551E05BF}.Debug|Any CPU.ActiveCfg = Debug|Any CPU
		{130D227D-7018-42C0-81FA-0A43551E05BF}.Debug|Any CPU.Build.0 = Debug|Any CPU
		{130D227D-7018-42C0-81FA-0A43551E05BF}.Release|Any CPU.ActiveCfg = Release|Any CPU
		{130D227D-7018-42C0-81FA-0A43551E05BF}.Release|Any CPU.Build.0 = Release|Any CPU
	EndGlobalSection
	GlobalSection(SolutionProperties) = preSolution
		HideSolutionNode = FALSE
	EndGlobalSection
	GlobalSection(ExtensibilityGlobals) = postSolution
		SolutionGuid = {B0C89DAA-3FD3-4F64-8190-E3C45BC60E98}
	EndGlobalSection
EndGlobal
